
Microsoft Visual Studio Solution File, Format Version 12.00
# Visual Studio 15
VisualStudioVersion = 15.0.26430.13
MinimumVisualStudioVersion = 10.0.40219.1
Project("{FAE04EC0-301F-11D3-BF4B-00C04F79EFBC}") = "DroneLander.Android", "DroneLander\DroneLander.Android\DroneLander.Android.csproj", "{48259C29-6D38-4564-A230-3DE77954B221}"
EndProject
Project("{FAE04EC0-301F-11D3-BF4B-00C04F79EFBC}") = "DroneLander", "DroneLander\DroneLander\DroneLander.csproj", "{8B8EC2B1-0DF1-4224-B739-0EE47ACBE1DD}"
EndProject
Project("{FAE04EC0-301F-11D3-BF4B-00C04F79EFBC}") = "DroneLander.UWP", "DroneLander\DroneLander.UWP\DroneLander.UWP.csproj", "{800E9696-8F49-484A-B41B-21936A012330}"
EndProject
Project("{FAE04EC0-301F-11D3-BF4B-00C04F79EFBC}") = "DroneLander.iOS", "DroneLander\DroneLander.iOS\DroneLander.iOS.csproj", "{84D771D2-D354-409D-934F-59B6E5E67ACE}"
EndProject
Global
	GlobalSection(SolutionConfigurationPlatforms) = preSolution
		Ad-Hoc|Any CPU = Ad-Hoc|Any CPU
		Ad-Hoc|ARM = Ad-Hoc|ARM
		Ad-Hoc|iPhone = Ad-Hoc|iPhone
		Ad-Hoc|iPhoneSimulator = Ad-Hoc|iPhoneSimulator
		Ad-Hoc|x64 = Ad-Hoc|x64
		Ad-Hoc|x86 = Ad-Hoc|x86
		AppStore|Any CPU = AppStore|Any CPU
		AppStore|ARM = AppStore|ARM
		AppStore|iPhone = AppStore|iPhone
		AppStore|iPhoneSimulator = AppStore|iPhoneSimulator
		AppStore|x64 = AppStore|x64
		AppStore|x86 = AppStore|x86
		Debug|Any CPU = Debug|Any CPU
		Debug|ARM = Debug|ARM
		Debug|iPhone = Debug|iPhone
		Debug|iPhoneSimulator = Debug|iPhoneSimulator
		Debug|x64 = Debug|x64
		Debug|x86 = Debug|x86
		Release|Any CPU = Release|Any CPU
		Release|ARM = Release|ARM
		Release|iPhone = Release|iPhone
		Release|iPhoneSimulator = Release|iPhoneSimulator
		Release|x64 = Release|x64
		Release|x86 = Release|x86
	EndGlobalSection
	GlobalSection(ProjectConfigurationPlatforms) = postSolution
		{48259C29-6D38-4564-A230-3DE77954B221}.Ad-Hoc|Any CPU.ActiveCfg = Release|Any CPU
		{48259C29-6D38-4564-A230-3DE77954B221}.Ad-Hoc|Any CPU.Build.0 = Release|Any CPU
		{48259C29-6D38-4564-A230-3DE77954B221}.Ad-Hoc|Any CPU.Deploy.0 = Release|Any CPU
		{48259C29-6D38-4564-A230-3DE77954B221}.Ad-Hoc|ARM.ActiveCfg = Release|Any CPU
		{48259C29-6D38-4564-A230-3DE77954B221}.Ad-Hoc|ARM.Build.0 = Release|Any CPU
		{48259C29-6D38-4564-A230-3DE77954B221}.Ad-Hoc|ARM.Deploy.0 = Release|Any CPU
		{48259C29-6D38-4564-A230-3DE77954B221}.Ad-Hoc|iPhone.ActiveCfg = Release|Any CPU
		{48259C29-6D38-4564-A230-3DE77954B221}.Ad-Hoc|iPhone.Build.0 = Release|Any CPU
		{48259C29-6D38-4564-A230-3DE77954B221}.Ad-Hoc|iPhone.Deploy.0 = Release|Any CPU
		{48259C29-6D38-4564-A230-3DE77954B221}.Ad-Hoc|iPhoneSimulator.ActiveCfg = Release|Any CPU
		{48259C29-6D38-4564-A230-3DE77954B221}.Ad-Hoc|iPhoneSimulator.Build.0 = Release|Any CPU
		{48259C29-6D38-4564-A230-3DE77954B221}.Ad-Hoc|iPhoneSimulator.Deploy.0 = Release|Any CPU
		{48259C29-6D38-4564-A230-3DE77954B221}.Ad-Hoc|x64.ActiveCfg = Release|Any CPU
		{48259C29-6D38-4564-A230-3DE77954B221}.Ad-Hoc|x64.Build.0 = Release|Any CPU
		{48259C29-6D38-4564-A230-3DE77954B221}.Ad-Hoc|x64.Deploy.0 = Release|Any CPU
		{48259C29-6D38-4564-A230-3DE77954B221}.Ad-Hoc|x86.ActiveCfg = Release|Any CPU
		{48259C29-6D38-4564-A230-3DE77954B221}.Ad-Hoc|x86.Build.0 = Release|Any CPU
		{48259C29-6D38-4564-A230-3DE77954B221}.Ad-Hoc|x86.Deploy.0 = Release|Any CPU
		{48259C29-6D38-4564-A230-3DE77954B221}.AppStore|Any CPU.ActiveCfg = Release|Any CPU
		{48259C29-6D38-4564-A230-3DE77954B221}.AppStore|Any CPU.Build.0 = Release|Any CPU
		{48259C29-6D38-4564-A230-3DE77954B221}.AppStore|Any CPU.Deploy.0 = Release|Any CPU
		{48259C29-6D38-4564-A230-3DE77954B221}.AppStore|ARM.ActiveCfg = Release|Any CPU
		{48259C29-6D38-4564-A230-3DE77954B221}.AppStore|ARM.Build.0 = Release|Any CPU
		{48259C29-6D38-4564-A230-3DE77954B221}.AppStore|ARM.Deploy.0 = Release|Any CPU
		{48259C29-6D38-4564-A230-3DE77954B221}.AppStore|iPhone.ActiveCfg = Release|Any CPU
		{48259C29-6D38-4564-A230-3DE77954B221}.AppStore|iPhone.Build.0 = Release|Any CPU
		{48259C29-6D38-4564-A230-3DE77954B221}.AppStore|iPhone.Deploy.0 = Release|Any CPU
		{48259C29-6D38-4564-A230-3DE77954B221}.AppStore|iPhoneSimulator.ActiveCfg = Release|Any CPU
		{48259C29-6D38-4564-A230-3DE77954B221}.AppStore|iPhoneSimulator.Build.0 = Release|Any CPU
		{48259C29-6D38-4564-A230-3DE77954B221}.AppStore|iPhoneSimulator.Deploy.0 = Release|Any CPU
		{48259C29-6D38-4564-A230-3DE77954B221}.AppStore|x64.ActiveCfg = Release|Any CPU
		{48259C29-6D38-4564-A230-3DE77954B221}.AppStore|x64.Build.0 = Release|Any CPU
		{48259C29-6D38-4564-A230-3DE77954B221}.AppStore|x64.Deploy.0 = Release|Any CPU
		{48259C29-6D38-4564-A230-3DE77954B221}.AppStore|x86.ActiveCfg = Release|Any CPU
		{48259C29-6D38-4564-A230-3DE77954B221}.AppStore|x86.Build.0 = Release|Any CPU
		{48259C29-6D38-4564-A230-3DE77954B221}.AppStore|x86.Deploy.0 = Release|Any CPU
		{48259C29-6D38-4564-A230-3DE77954B221}.Debug|Any CPU.ActiveCfg = Debug|Any CPU
		{48259C29-6D38-4564-A230-3DE77954B221}.Debug|Any CPU.Build.0 = Debug|Any CPU
		{48259C29-6D38-4564-A230-3DE77954B221}.Debug|Any CPU.Deploy.0 = Debug|Any CPU
		{48259C29-6D38-4564-A230-3DE77954B221}.Debug|ARM.ActiveCfg = Debug|Any CPU
		{48259C29-6D38-4564-A230-3DE77954B221}.Debug|ARM.Build.0 = Debug|Any CPU
		{48259C29-6D38-4564-A230-3DE77954B221}.Debug|ARM.Deploy.0 = Debug|Any CPU
		{48259C29-6D38-4564-A230-3DE77954B221}.Debug|iPhone.ActiveCfg = Debug|Any CPU
		{48259C29-6D38-4564-A230-3DE77954B221}.Debug|iPhone.Build.0 = Debug|Any CPU
		{48259C29-6D38-4564-A230-3DE77954B221}.Debug|iPhone.Deploy.0 = Debug|Any CPU
		{48259C29-6D38-4564-A230-3DE77954B221}.Debug|iPhoneSimulator.ActiveCfg = Debug|Any CPU
		{48259C29-6D38-4564-A230-3DE77954B221}.Debug|iPhoneSimulator.Build.0 = Debug|Any CPU
		{48259C29-6D38-4564-A230-3DE77954B221}.Debug|iPhoneSimulator.Deploy.0 = Debug|Any CPU
		{48259C29-6D38-4564-A230-3DE77954B221}.Debug|x64.ActiveCfg = Debug|Any CPU
		{48259C29-6D38-4564-A230-3DE77954B221}.Debug|x64.Build.0 = Debug|Any CPU
		{48259C29-6D38-4564-A230-3DE77954B221}.Debug|x64.Deploy.0 = Debug|Any CPU
		{48259C29-6D38-4564-A230-3DE77954B221}.Debug|x86.ActiveCfg = Debug|Any CPU
		{48259C29-6D38-4564-A230-3DE77954B221}.Debug|x86.Build.0 = Debug|Any CPU
		{48259C29-6D38-4564-A230-3DE77954B221}.Debug|x86.Deploy.0 = Debug|Any CPU
		{48259C29-6D38-4564-A230-3DE77954B221}.Release|Any CPU.ActiveCfg = Release|Any CPU
		{48259C29-6D38-4564-A230-3DE77954B221}.Release|Any CPU.Build.0 = Release|Any CPU
		{48259C29-6D38-4564-A230-3DE77954B221}.Release|Any CPU.Deploy.0 = Release|Any CPU
		{48259C29-6D38-4564-A230-3DE77954B221}.Release|ARM.ActiveCfg = Release|Any CPU
		{48259C29-6D38-4564-A230-3DE77954B221}.Release|ARM.Build.0 = Release|Any CPU
		{48259C29-6D38-4564-A230-3DE77954B221}.Release|ARM.Deploy.0 = Release|Any CPU
		{48259C29-6D38-4564-A230-3DE77954B221}.Release|iPhone.ActiveCfg = Release|Any CPU
		{48259C29-6D38-4564-A230-3DE77954B221}.Release|iPhone.Build.0 = Release|Any CPU
		{48259C29-6D38-4564-A230-3DE77954B221}.Release|iPhone.Deploy.0 = Release|Any CPU
		{48259C29-6D38-4564-A230-3DE77954B221}.Release|iPhoneSimulator.ActiveCfg = Release|Any CPU
		{48259C29-6D38-4564-A230-3DE77954B221}.Release|iPhoneSimulator.Build.0 = Release|Any CPU
		{48259C29-6D38-4564-A230-3DE77954B221}.Release|iPhoneSimulator.Deploy.0 = Release|Any CPU
		{48259C29-6D38-4564-A230-3DE77954B221}.Release|x64.ActiveCfg = Release|Any CPU
		{48259C29-6D38-4564-A230-3DE77954B221}.Release|x64.Build.0 = Release|Any CPU
		{48259C29-6D38-4564-A230-3DE77954B221}.Release|x64.Deploy.0 = Release|Any CPU
		{48259C29-6D38-4564-A230-3DE77954B221}.Release|x86.ActiveCfg = Release|Any CPU
		{48259C29-6D38-4564-A230-3DE77954B221}.Release|x86.Build.0 = Release|Any CPU
		{48259C29-6D38-4564-A230-3DE77954B221}.Release|x86.Deploy.0 = Release|Any CPU
		{8B8EC2B1-0DF1-4224-B739-0EE47ACBE1DD}.Ad-Hoc|Any CPU.ActiveCfg = Release|Any CPU
		{8B8EC2B1-0DF1-4224-B739-0EE47ACBE1DD}.Ad-Hoc|Any CPU.Build.0 = Release|Any CPU
		{8B8EC2B1-0DF1-4224-B739-0EE47ACBE1DD}.Ad-Hoc|ARM.ActiveCfg = Release|Any CPU
		{8B8EC2B1-0DF1-4224-B739-0EE47ACBE1DD}.Ad-Hoc|ARM.Build.0 = Release|Any CPU
		{8B8EC2B1-0DF1-4224-B739-0EE47ACBE1DD}.Ad-Hoc|iPhone.ActiveCfg = Release|Any CPU
		{8B8EC2B1-0DF1-4224-B739-0EE47ACBE1DD}.Ad-Hoc|iPhone.Build.0 = Release|Any CPU
		{8B8EC2B1-0DF1-4224-B739-0EE47ACBE1DD}.Ad-Hoc|iPhoneSimulator.ActiveCfg = Release|Any CPU
		{8B8EC2B1-0DF1-4224-B739-0EE47ACBE1DD}.Ad-Hoc|iPhoneSimulator.Build.0 = Release|Any CPU
		{8B8EC2B1-0DF1-4224-B739-0EE47ACBE1DD}.Ad-Hoc|x64.ActiveCfg = Release|Any CPU
		{8B8EC2B1-0DF1-4224-B739-0EE47ACBE1DD}.Ad-Hoc|x64.Build.0 = Release|Any CPU
		{8B8EC2B1-0DF1-4224-B739-0EE47ACBE1DD}.Ad-Hoc|x86.ActiveCfg = Release|Any CPU
		{8B8EC2B1-0DF1-4224-B739-0EE47ACBE1DD}.Ad-Hoc|x86.Build.0 = Release|Any CPU
		{8B8EC2B1-0DF1-4224-B739-0EE47ACBE1DD}.AppStore|Any CPU.ActiveCfg = Release|Any CPU
		{8B8EC2B1-0DF1-4224-B739-0EE47ACBE1DD}.AppStore|Any CPU.Build.0 = Release|Any CPU
		{8B8EC2B1-0DF1-4224-B739-0EE47ACBE1DD}.AppStore|ARM.ActiveCfg = Release|Any CPU
		{8B8EC2B1-0DF1-4224-B739-0EE47ACBE1DD}.AppStore|ARM.Build.0 = Release|Any CPU
		{8B8EC2B1-0DF1-4224-B739-0EE47ACBE1DD}.AppStore|iPhone.ActiveCfg = Release|Any CPU
		{8B8EC2B1-0DF1-4224-B739-0EE47ACBE1DD}.AppStore|iPhone.Build.0 = Release|Any CPU
		{8B8EC2B1-0DF1-4224-B739-0EE47ACBE1DD}.AppStore|iPhoneSimulator.ActiveCfg = Release|Any CPU
		{8B8EC2B1-0DF1-4224-B739-0EE47ACBE1DD}.AppStore|iPhoneSimulator.Build.0 = Release|Any CPU
		{8B8EC2B1-0DF1-4224-B739-0EE47ACBE1DD}.AppStore|x64.ActiveCfg = Release|Any CPU
		{8B8EC2B1-0DF1-4224-B739-0EE47ACBE1DD}.AppStore|x64.Build.0 = Release|Any CPU
		{8B8EC2B1-0DF1-4224-B739-0EE47ACBE1DD}.AppStore|x86.ActiveCfg = Release|Any CPU
		{8B8EC2B1-0DF1-4224-B739-0EE47ACBE1DD}.AppStore|x86.Build.0 = Release|Any CPU
		{8B8EC2B1-0DF1-4224-B739-0EE47ACBE1DD}.Debug|Any CPU.ActiveCfg = Debug|Any CPU
		{8B8EC2B1-0DF1-4224-B739-0EE47ACBE1DD}.Debug|Any CPU.Build.0 = Debug|Any CPU
		{8B8EC2B1-0DF1-4224-B739-0EE47ACBE1DD}.Debug|ARM.ActiveCfg = Debug|Any CPU
		{8B8EC2B1-0DF1-4224-B739-0EE47ACBE1DD}.Debug|ARM.Build.0 = Debug|Any CPU
		{8B8EC2B1-0DF1-4224-B739-0EE47ACBE1DD}.Debug|iPhone.ActiveCfg = Debug|Any CPU
		{8B8EC2B1-0DF1-4224-B739-0EE47ACBE1DD}.Debug|iPhone.Build.0 = Debug|Any CPU
		{8B8EC2B1-0DF1-4224-B739-0EE47ACBE1DD}.Debug|iPhoneSimulator.ActiveCfg = Debug|Any CPU
		{8B8EC2B1-0DF1-4224-B739-0EE47ACBE1DD}.Debug|iPhoneSimulator.Build.0 = Debug|Any CPU
		{8B8EC2B1-0DF1-4224-B739-0EE47ACBE1DD}.Debug|x64.ActiveCfg = Debug|Any CPU
		{8B8EC2B1-0DF1-4224-B739-0EE47ACBE1DD}.Debug|x64.Build.0 = Debug|Any CPU
		{8B8EC2B1-0DF1-4224-B739-0EE47ACBE1DD}.Debug|x86.ActiveCfg = Debug|Any CPU
		{8B8EC2B1-0DF1-4224-B739-0EE47ACBE1DD}.Debug|x86.Build.0 = Debug|Any CPU
		{8B8EC2B1-0DF1-4224-B739-0EE47ACBE1DD}.Release|Any CPU.ActiveCfg = Release|Any CPU
		{8B8EC2B1-0DF1-4224-B739-0EE47ACBE1DD}.Release|Any CPU.Build.0 = Release|Any CPU
		{8B8EC2B1-0DF1-4224-B739-0EE47ACBE1DD}.Release|ARM.ActiveCfg = Release|Any CPU
		{8B8EC2B1-0DF1-4224-B739-0EE47ACBE1DD}.Release|ARM.Build.0 = Release|Any CPU
		{8B8EC2B1-0DF1-4224-B739-0EE47ACBE1DD}.Release|iPhone.ActiveCfg = Release|Any CPU
		{8B8EC2B1-0DF1-4224-B739-0EE47ACBE1DD}.Release|iPhone.Build.0 = Release|Any CPU
		{8B8EC2B1-0DF1-4224-B739-0EE47ACBE1DD}.Release|iPhoneSimulator.ActiveCfg = Release|Any CPU
		{8B8EC2B1-0DF1-4224-B739-0EE47ACBE1DD}.Release|iPhoneSimulator.Build.0 = Release|Any CPU
		{8B8EC2B1-0DF1-4224-B739-0EE47ACBE1DD}.Release|x64.ActiveCfg = Release|Any CPU
		{8B8EC2B1-0DF1-4224-B739-0EE47ACBE1DD}.Release|x64.Build.0 = Release|Any CPU
		{8B8EC2B1-0DF1-4224-B739-0EE47ACBE1DD}.Release|x86.ActiveCfg = Release|Any CPU
		{8B8EC2B1-0DF1-4224-B739-0EE47ACBE1DD}.Release|x86.Build.0 = Release|Any CPU
		{800E9696-8F49-484A-B41B-21936A012330}.Ad-Hoc|Any CPU.ActiveCfg = Release|x86
		{800E9696-8F49-484A-B41B-21936A012330}.Ad-Hoc|Any CPU.Build.0 = Release|x86
		{800E9696-8F49-484A-B41B-21936A012330}.Ad-Hoc|Any CPU.Deploy.0 = Release|x86
		{800E9696-8F49-484A-B41B-21936A012330}.Ad-Hoc|ARM.ActiveCfg = Release|ARM
		{800E9696-8F49-484A-B41B-21936A012330}.Ad-Hoc|ARM.Build.0 = Release|ARM
		{800E9696-8F49-484A-B41B-21936A012330}.Ad-Hoc|ARM.Deploy.0 = Release|ARM
		{800E9696-8F49-484A-B41B-21936A012330}.Ad-Hoc|iPhone.ActiveCfg = Release|x86
		{800E9696-8F49-484A-B41B-21936A012330}.Ad-Hoc|iPhone.Build.0 = Release|x86
		{800E9696-8F49-484A-B41B-21936A012330}.Ad-Hoc|iPhone.Deploy.0 = Release|x86
		{800E9696-8F49-484A-B41B-21936A012330}.Ad-Hoc|iPhoneSimulator.ActiveCfg = Release|x86
		{800E9696-8F49-484A-B41B-21936A012330}.Ad-Hoc|iPhoneSimulator.Build.0 = Release|x86
		{800E9696-8F49-484A-B41B-21936A012330}.Ad-Hoc|iPhoneSimulator.Deploy.0 = Release|x86
		{800E9696-8F49-484A-B41B-21936A012330}.Ad-Hoc|x64.ActiveCfg = Release|x64
		{800E9696-8F49-484A-B41B-21936A012330}.Ad-Hoc|x64.Build.0 = Release|x64
		{800E9696-8F49-484A-B41B-21936A012330}.Ad-Hoc|x64.Deploy.0 = Release|x64
		{800E9696-8F49-484A-B41B-21936A012330}.Ad-Hoc|x86.ActiveCfg = Release|x86
		{800E9696-8F49-484A-B41B-21936A012330}.Ad-Hoc|x86.Build.0 = Release|x86
		{800E9696-8F49-484A-B41B-21936A012330}.Ad-Hoc|x86.Deploy.0 = Release|x86
		{800E9696-8F49-484A-B41B-21936A012330}.AppStore|Any CPU.ActiveCfg = Release|x86
		{800E9696-8F49-484A-B41B-21936A012330}.AppStore|Any CPU.Build.0 = Release|x86
		{800E9696-8F49-484A-B41B-21936A012330}.AppStore|Any CPU.Deploy.0 = Release|x86
		{800E9696-8F49-484A-B41B-21936A012330}.AppStore|ARM.ActiveCfg = Release|ARM
		{800E9696-8F49-484A-B41B-21936A012330}.AppStore|ARM.Build.0 = Release|ARM
		{800E9696-8F49-484A-B41B-21936A012330}.AppStore|ARM.Deploy.0 = Release|ARM
		{800E9696-8F49-484A-B41B-21936A012330}.AppStore|iPhone.ActiveCfg = Release|x86
		{800E9696-8F49-484A-B41B-21936A012330}.AppStore|iPhone.Build.0 = Release|x86
		{800E9696-8F49-484A-B41B-21936A012330}.AppStore|iPhone.Deploy.0 = Release|x86
		{800E9696-8F49-484A-B41B-21936A012330}.AppStore|iPhoneSimulator.ActiveCfg = Release|x86
		{800E9696-8F49-484A-B41B-21936A012330}.AppStore|iPhoneSimulator.Build.0 = Release|x86
		{800E9696-8F49-484A-B41B-21936A012330}.AppStore|iPhoneSimulator.Deploy.0 = Release|x86
		{800E9696-8F49-484A-B41B-21936A012330}.AppStore|x64.ActiveCfg = Release|x64
		{800E9696-8F49-484A-B41B-21936A012330}.AppStore|x64.Build.0 = Release|x64
		{800E9696-8F49-484A-B41B-21936A012330}.AppStore|x64.Deploy.0 = Release|x64
		{800E9696-8F49-484A-B41B-21936A012330}.AppStore|x86.ActiveCfg = Release|x86
		{800E9696-8F49-484A-B41B-21936A012330}.AppStore|x86.Build.0 = Release|x86
		{800E9696-8F49-484A-B41B-21936A012330}.AppStore|x86.Deploy.0 = Release|x86
		{800E9696-8F49-484A-B41B-21936A012330}.Debug|Any CPU.ActiveCfg = Debug|x86
		{800E9696-8F49-484A-B41B-21936A012330}.Debug|Any CPU.Build.0 = Debug|x86
		{800E9696-8F49-484A-B41B-21936A012330}.Debug|Any CPU.Deploy.0 = Debug|x86
		{800E9696-8F49-484A-B41B-21936A012330}.Debug|ARM.ActiveCfg = Debug|ARM
		{800E9696-8F49-484A-B41B-21936A012330}.Debug|ARM.Build.0 = Debug|ARM
		{800E9696-8F49-484A-B41B-21936A012330}.Debug|ARM.Deploy.0 = Debug|ARM
		{800E9696-8F49-484A-B41B-21936A012330}.Debug|iPhone.ActiveCfg = Debug|x86
		{800E9696-8F49-484A-B41B-21936A012330}.Debug|iPhoneSimulator.ActiveCfg = Debug|x86
		{800E9696-8F49-484A-B41B-21936A012330}.Debug|x64.ActiveCfg = Debug|x64
		{800E9696-8F49-484A-B41B-21936A012330}.Debug|x64.Build.0 = Debug|x64
		{800E9696-8F49-484A-B41B-21936A012330}.Debug|x64.Deploy.0 = Debug|x64
		{800E9696-8F49-484A-B41B-21936A012330}.Debug|x86.ActiveCfg = Debug|x86
		{800E9696-8F49-484A-B41B-21936A012330}.Debug|x86.Build.0 = Debug|x86
		{800E9696-8F49-484A-B41B-21936A012330}.Debug|x86.Deploy.0 = Debug|x86
		{800E9696-8F49-484A-B41B-21936A012330}.Release|Any CPU.ActiveCfg = Release|x86
		{800E9696-8F49-484A-B41B-21936A012330}.Release|ARM.ActiveCfg = Release|ARM
		{800E9696-8F49-484A-B41B-21936A012330}.Release|ARM.Build.0 = Release|ARM
		{800E9696-8F49-484A-B41B-21936A012330}.Release|ARM.Deploy.0 = Release|ARM
		{800E9696-8F49-484A-B41B-21936A012330}.Release|iPhone.ActiveCfg = Release|x86
		{800E9696-8F49-484A-B41B-21936A012330}.Release|iPhoneSimulator.ActiveCfg = Release|x86
		{800E9696-8F49-484A-B41B-21936A012330}.Release|x64.ActiveCfg = Release|x64
		{800E9696-8F49-484A-B41B-21936A012330}.Release|x64.Build.0 = Release|x64
		{800E9696-8F49-484A-B41B-21936A012330}.Release|x64.Deploy.0 = Release|x64
		{800E9696-8F49-484A-B41B-21936A012330}.Release|x86.ActiveCfg = Release|x86
		{800E9696-8F49-484A-B41B-21936A012330}.Release|x86.Build.0 = Release|x86
		{800E9696-8F49-484A-B41B-21936A012330}.Release|x86.Deploy.0 = Release|x86
		{84D771D2-D354-409D-934F-59B6E5E67ACE}.Ad-Hoc|Any CPU.ActiveCfg = Ad-Hoc|iPhone
		{84D771D2-D354-409D-934F-59B6E5E67ACE}.Ad-Hoc|ARM.ActiveCfg = Ad-Hoc|iPhone
		{84D771D2-D354-409D-934F-59B6E5E67ACE}.Ad-Hoc|iPhone.ActiveCfg = Ad-Hoc|iPhone
		{84D771D2-D354-409D-934F-59B6E5E67ACE}.Ad-Hoc|iPhone.Build.0 = Ad-Hoc|iPhone
		{84D771D2-D354-409D-934F-59B6E5E67ACE}.Ad-Hoc|iPhoneSimulator.ActiveCfg = Ad-Hoc|iPhoneSimulator
		{84D771D2-D354-409D-934F-59B6E5E67ACE}.Ad-Hoc|iPhoneSimulator.Build.0 = Ad-Hoc|iPhoneSimulator
		{84D771D2-D354-409D-934F-59B6E5E67ACE}.Ad-Hoc|x64.ActiveCfg = Ad-Hoc|iPhone
		{84D771D2-D354-409D-934F-59B6E5E67ACE}.Ad-Hoc|x86.ActiveCfg = Ad-Hoc|iPhone
		{84D771D2-D354-409D-934F-59B6E5E67ACE}.AppStore|Any CPU.ActiveCfg = AppStore|iPhone
		{84D771D2-D354-409D-934F-59B6E5E67ACE}.AppStore|ARM.ActiveCfg = AppStore|iPhone
		{84D771D2-D354-409D-934F-59B6E5E67ACE}.AppStore|iPhone.ActiveCfg = AppStore|iPhone
		{84D771D2-D354-409D-934F-59B6E5E67ACE}.AppStore|iPhone.Build.0 = AppStore|iPhone
		{84D771D2-D354-409D-934F-59B6E5E67ACE}.AppStore|iPhoneSimulator.ActiveCfg = AppStore|iPhoneSimulator
		{84D771D2-D354-409D-934F-59B6E5E67ACE}.AppStore|iPhoneSimulator.Build.0 = AppStore|iPhoneSimulator
		{84D771D2-D354-409D-934F-59B6E5E67ACE}.AppStore|x64.ActiveCfg = AppStore|iPhone
		{84D771D2-D354-409D-934F-59B6E5E67ACE}.AppStore|x86.ActiveCfg = AppStore|iPhone
		{84D771D2-D354-409D-934F-59B6E5E67ACE}.Debug|Any CPU.ActiveCfg = Debug|iPhone
		{84D771D2-D354-409D-934F-59B6E5E67ACE}.Debug|ARM.ActiveCfg = Debug|iPhone
		{84D771D2-D354-409D-934F-59B6E5E67ACE}.Debug|iPhone.ActiveCfg = Debug|iPhone
		{84D771D2-D354-409D-934F-59B6E5E67ACE}.Debug|iPhone.Build.0 = Debug|iPhone
		{84D771D2-D354-409D-934F-59B6E5E67ACE}.Debug|iPhoneSimulator.ActiveCfg = Debug|iPhoneSimulator
		{84D771D2-D354-409D-934F-59B6E5E67ACE}.Debug|iPhoneSimulator.Build.0 = Debug|iPhoneSimulator
		{84D771D2-D354-409D-934F-59B6E5E67ACE}.Debug|x64.ActiveCfg = Debug|iPhone
		{84D771D2-D354-409D-934F-59B6E5E67ACE}.Debug|x86.ActiveCfg = Debug|iPhone
		{84D771D2-D354-409D-934F-59B6E5E67ACE}.Release|Any CPU.ActiveCfg = Release|iPhone
		{84D771D2-D354-409D-934F-59B6E5E67ACE}.Release|ARM.ActiveCfg = Release|iPhone
		{84D771D2-D354-409D-934F-59B6E5E67ACE}.Release|iPhone.ActiveCfg = Release|iPhone
		{84D771D2-D354-409D-934F-59B6E5E67ACE}.Release|iPhone.Build.0 = Release|iPhone
		{84D771D2-D354-409D-934F-59B6E5E67ACE}.Release|iPhoneSimulator.ActiveCfg = Release|iPhoneSimulator
		{84D771D2-D354-409D-934F-59B6E5E67ACE}.Release|iPhoneSimulator.Build.0 = Release|iPhoneSimulator
		{84D771D2-D354-409D-934F-59B6E5E67ACE}.Release|x64.ActiveCfg = Release|iPhone
		{84D771D2-D354-409D-934F-59B6E5E67ACE}.Release|x86.ActiveCfg = Release|iPhone
	EndGlobalSection
	GlobalSection(SolutionProperties) = preSolution
		HideSolutionNode = FALSE
	EndGlobalSection
EndGlobal
